// !$*UTF8*$!
{
	archiveVersion = 1;
	classes = {
	};
	objectVersion = 46;
	objects = {

/* Begin PBXBuildFile section */
		F23C1E991879A57E00CFE7FC /* Foundation.framework in Frameworks */ = {isa = PBXBuildFile; fileRef = F23C1E981879A57E00CFE7FC /* Foundation.framework */; };
		F23C1E9B1879A57E00CFE7FC /* CoreGraphics.framework in Frameworks */ = {isa = PBXBuildFile; fileRef = F23C1E9A1879A57E00CFE7FC /* CoreGraphics.framework */; };
		F23C1E9D1879A57E00CFE7FC /* UIKit.framework in Frameworks */ = {isa = PBXBuildFile; fileRef = F23C1E9C1879A57E00CFE7FC /* UIKit.framework */; };
		F23C1EA31879A57E00CFE7FC /* InfoPlist.strings in Resources */ = {isa = PBXBuildFile; fileRef = F23C1EA11879A57E00CFE7FC /* InfoPlist.strings */; };
		F23C1EA51879A57E00CFE7FC /* main.m in Sources */ = {isa = PBXBuildFile; fileRef = F23C1EA41879A57E00CFE7FC /* main.m */; };
		F23C1EA91879A57E00CFE7FC /* DDHAppDelegate.m in Sources */ = {isa = PBXBuildFile; fileRef = F23C1EA81879A57E00CFE7FC /* DDHAppDelegate.m */; };
		F23C1EAB1879A57E00CFE7FC /* Images.xcassets in Resources */ = {isa = PBXBuildFile; fileRef = F23C1EAA1879A57E00CFE7FC /* Images.xcassets */; };
		F23C1EB21879A57E00CFE7FC /* XCTest.framework in Frameworks */ = {isa = PBXBuildFile; fileRef = F23C1EB11879A57E00CFE7FC /* XCTest.framework */; };
		F23C1EB31879A57E00CFE7FC /* Foundation.framework in Frameworks */ = {isa = PBXBuildFile; fileRef = F23C1E981879A57E00CFE7FC /* Foundation.framework */; };
		F23C1EB41879A57E00CFE7FC /* UIKit.framework in Frameworks */ = {isa = PBXBuildFile; fileRef = F23C1E9C1879A57E00CFE7FC /* UIKit.framework */; };
		F23C1EBC1879A57E00CFE7FC /* InfoPlist.strings in Resources */ = {isa = PBXBuildFile; fileRef = F23C1EBA1879A57E00CFE7FC /* InfoPlist.strings */; };
		F23C1EBE1879A57E00CFE7FC /* CollectionViewLayoutTestTests.m in Sources */ = {isa = PBXBuildFile; fileRef = F23C1EBD1879A57E00CFE7FC /* CollectionViewLayoutTestTests.m */; };
/* End PBXBuildFile section */

/* Begin PBXContainerItemProxy section */
		F23C1EB51879A57E00CFE7FC /* PBXContainerItemProxy */ = {
			isa = PBXContainerItemProxy;
			containerPortal = F23C1E8D1879A57E00CFE7FC /* Project object */;
			proxyType = 1;
			remoteGlobalIDString = F23C1E941879A57E00CFE7FC;
			remoteInfo = CollectionViewLayoutTest;
		};
/* End PBXContainerItemProxy section */

/* Begin PBXFileReference section */
		F23C1E951879A57E00CFE7FC /* CollectionViewLayoutTest.app */ = {isa = PBXFileReference; explicitFileType = wrapper.application; includeInIndex = 0; path = CollectionViewLayoutTest.app; sourceTree = BUILT_PRODUCTS_DIR; };
		F23C1E981879A57E00CFE7FC /* Foundation.framework */ = {isa = PBXFileReference; lastKnownFileType = wrapper.framework; name = Foundation.framework; path = System/Library/Frameworks/Foundation.framework; sourceTree = SDKROOT; };
		F23C1E9A1879A57E00CFE7FC /* CoreGraphics.framework */ = {isa = PBXFileReference; lastKnownFileType = wrapper.framework; name = CoreGraphics.framework; path = System/Library/Frameworks/CoreGraphics.framework; sourceTree = SDKROOT; };
		F23C1E9C1879A57E00CFE7FC /* UIKit.framework */ = {isa = PBXFileReference; lastKnownFileType = wrapper.framework; name = UIKit.framework; path = System/Library/Frameworks/UIKit.framework; sourceTree = SDKROOT; };
		F23C1EA01879A57E00CFE7FC /* CollectionViewLayoutTest-Info.plist */ = {isa = PBXFileReference; lastKnownFileType = text.plist.xml; path = "CollectionViewLayoutTest-Info.plist"; sourceTree = "<group>"; };
		F23C1EA21879A57E00CFE7FC /* en */ = {isa = PBXFileReference; lastKnownFileType = text.plist.strings; name = en; path = en.lproj/InfoPlist.strings; sourceTree = "<group>"; };
		F23C1EA41879A57E00CFE7FC /* main.m */ = {isa = PBXFileReference; lastKnownFileType = sourcecode.c.objc; path = main.m; sourceTree = "<group>"; };
		F23C1EA61879A57E00CFE7FC /* CollectionViewLayoutTest-Prefix.pch */ = {isa = PBXFileReference; lastKnownFileType = sourcecode.c.h; path = "CollectionViewLayoutTest-Prefix.pch"; sourceTree = "<group>"; };
		F23C1EA71879A57E00CFE7FC /* DDHAppDelegate.h */ = {isa = PBXFileReference; lastKnownFileType = sourcecode.c.h; path = DDHAppDelegate.h; sourceTree = "<group>"; };
		F23C1EA81879A57E00CFE7FC /* DDHAppDelegate.m */ = {isa = PBXFileReference; lastKnownFileType = sourcecode.c.objc; path = DDHAppDelegate.m; sourceTree = "<group>"; };
		F23C1EAA1879A57E00CFE7FC /* Images.xcassets */ = {isa = PBXFileReference; lastKnownFileType = folder.assetcatalog; path = Images.xcassets; sourceTree = "<group>"; };
		F23C1EB01879A57E00CFE7FC /* CollectionViewLayoutTestTests.xctest */ = {isa = PBXFileReference; explicitFileType = wrapper.cfbundle; includeInIndex = 0; path = CollectionViewLayoutTestTests.xctest; sourceTree = BUILT_PRODUCTS_DIR; };
		F23C1EB11879A57E00CFE7FC /* XCTest.framework */ = {isa = PBXFileReference; lastKnownFileType = wrapper.framework; name = XCTest.framework; path = Library/Frameworks/XCTest.framework; sourceTree = DEVELOPER_DIR; };
		F23C1EB91879A57E00CFE7FC /* CollectionViewLayoutTestTests-Info.plist */ = {isa = PBXFileReference; lastKnownFileType = text.plist.xml; path = "CollectionViewLayoutTestTests-Info.plist"; sourceTree = "<group>"; };
		F23C1EBB1879A57E00CFE7FC /* en */ = {isa = PBXFileReference; lastKnownFileType = text.plist.strings; name = en; path = en.lproj/InfoPlist.strings; sourceTree = "<group>"; };
		F23C1EBD1879A57E00CFE7FC /* CollectionViewLayoutTestTests.m */ = {isa = PBXFileReference; lastKnownFileType = sourcecode.c.objc; path = CollectionViewLayoutTestTests.m; sourceTree = "<group>"; };
/* End PBXFileReference section */

/* Begin PBXFrameworksBuildPhase section */
		F23C1E921879A57E00CFE7FC /* Frameworks */ = {
			isa = PBXFrameworksBuildPhase;
			buildActionMask = 2147483647;
			files = (
				F23C1E9B1879A57E00CFE7FC /* CoreGraphics.framework in Frameworks */,
				F23C1E9D1879A57E00CFE7FC /* UIKit.framework in Frameworks */,
				F23C1E991879A57E00CFE7FC /* Foundation.framework in Frameworks */,
			);
			runOnlyForDeploymentPostprocessing = 0;
		};
		F23C1EAD1879A57E00CFE7FC /* Frameworks */ = {
			isa = PBXFrameworksBuildPhase;
			buildActionMask = 2147483647;
			files = (
				F23C1EB21879A57E00CFE7FC /* XCTest.framework in Frameworks */,
				F23C1EB41879A57E00CFE7FC /* UIKit.framework in Frameworks */,
				F23C1EB31879A57E00CFE7FC /* Foundation.framework in Frameworks */,
			);
			runOnlyForDeploymentPostprocessing = 0;
		};
/* End PBXFrameworksBuildPhase section */

/* Begin PBXGroup section */
		F23C1E8C1879A57E00CFE7FC = {
			isa = PBXGroup;
			children = (
				F23C1E9E1879A57E00CFE7FC /* CollectionViewLayoutTest */,
				F23C1EB71879A57E00CFE7FC /* CollectionViewLayoutTestTests */,
				F23C1E971879A57E00CFE7FC /* Frameworks */,
				F23C1E961879A57E00CFE7FC /* Products */,
			);
			sourceTree = "<group>";
		};
		F23C1E961879A57E00CFE7FC /* Products */ = {
			isa = PBXGroup;
			children = (
				F23C1E951879A57E00CFE7FC /* CollectionViewLayoutTest.app */,
				F23C1EB01879A57E00CFE7FC /* CollectionViewLayoutTestTests.xctest */,
			);
			name = Products;
			sourceTree = "<group>";
		};
		F23C1E971879A57E00CFE7FC /* Frameworks */ = {
			isa = PBXGroup;
			children = (
				F23C1E981879A57E00CFE7FC /* Foundation.framework */,
				F23C1E9A1879A57E00CFE7FC /* CoreGraphics.framework */,
				F23C1E9C1879A57E00CFE7FC /* UIKit.framework */,
				F23C1EB11879A57E00CFE7FC /* XCTest.framework */,
			);
			name = Frameworks;
			sourceTree = "<group>";
		};
		F23C1E9E1879A57E00CFE7FC /* CollectionViewLayoutTest */ = {
			isa = PBXGroup;
			children = (
				F23C1EA71879A57E00CFE7FC /* DDHAppDelegate.h */,
				F23C1EA81879A57E00CFE7FC /* DDHAppDelegate.m */,
				F23C1EAA1879A57E00CFE7FC /* Images.xcassets */,
				F23C1E9F1879A57E00CFE7FC /* Supporting Files */,
			);
			path = CollectionViewLayoutTest;
			sourceTree = "<group>";
		};
		F23C1E9F1879A57E00CFE7FC /* Supporting Files */ = {
			isa = PBXGroup;
			children = (
				F23C1EA01879A57E00CFE7FC /* CollectionViewLayoutTest-Info.plist */,
				F23C1EA11879A57E00CFE7FC /* InfoPlist.strings */,
				F23C1EA41879A57E00CFE7FC /* main.m */,
				F23C1EA61879A57E00CFE7FC /* CollectionViewLayoutTest-Prefix.pch */,
			);
			name = "Supporting Files";
			sourceTree = "<group>";
		};
		F23C1EB71879A57E00CFE7FC /* CollectionViewLayoutTestTests */ = {
			isa = PBXGroup;
			children = (
				F23C1EBD1879A57E00CFE7FC /* CollectionViewLayoutTestTests.m */,
				F23C1EB81879A57E00CFE7FC /* Supporting Files */,
			);
			path = CollectionViewLayoutTestTests;
			sourceTree = "<group>";
		};
		F23C1EB81879A57E00CFE7FC /* Supporting Files */ = {
			isa = PBXGroup;
			children = (
				F23C1EB91879A57E00CFE7FC /* CollectionViewLayoutTestTests-Info.plist */,
				F23C1EBA1879A57E00CFE7FC /* InfoPlist.strings */,
			);
			name = "Supporting Files";
			sourceTree = "<group>";
		};
/* End PBXGroup section */

/* Begin PBXNativeTarget section */
		F23C1E941879A57E00CFE7FC /* CollectionViewLayoutTest */ = {
			isa = PBXNativeTarget;
			buildConfigurationList = F23C1EC11879A57E00CFE7FC /* Build configuration list for PBXNativeTarget "CollectionViewLayoutTest" */;
			buildPhases = (
				F23C1E911879A57E00CFE7FC /* Sources */,
				F23C1E921879A57E00CFE7FC /* Frameworks */,
				F23C1E931879A57E00CFE7FC /* Resources */,
			);
			buildRules = (
			);
			dependencies = (
			);
			name = CollectionViewLayoutTest;
			productName = CollectionViewLayoutTest;
			productReference = F23C1E951879A57E00CFE7FC /* CollectionViewLayoutTest.app */;
			productType = "com.apple.product-type.application";
		};
		F23C1EAF1879A57E00CFE7FC /* CollectionViewLayoutTestTests */ = {
			isa = PBXNativeTarget;
			buildConfigurationList = F23C1EC41879A57E00CFE7FC /* Build configuration list for PBXNativeTarget "CollectionViewLayoutTestTests" */;
			buildPhases = (
				F23C1EAC1879A57E00CFE7FC /* Sources */,
				F23C1EAD1879A57E00CFE7FC /* Frameworks */,
				F23C1EAE1879A57E00CFE7FC /* Resources */,
			);
			buildRules = (
			);
			dependencies = (
				F23C1EB61879A57E00CFE7FC /* PBXTargetDependency */,
			);
			name = CollectionViewLayoutTestTests;
			productName = CollectionViewLayoutTestTests;
			productReference = F23C1EB01879A57E00CFE7FC /* CollectionViewLayoutTestTests.xctest */;
			productType = "com.apple.product-type.bundle.unit-test";
		};
/* End PBXNativeTarget section */

/* Begin PBXProject section */
		F23C1E8D1879A57E00CFE7FC /* Project object */ = {
			isa = PBXProject;
			attributes = {
				CLASSPREFIX = DDH;
				LastUpgradeCheck = 0500;
				ORGANIZATIONNAME = dasdom;
				TargetAttributes = {
					F23C1EAF1879A57E00CFE7FC = {
						TestTargetID = F23C1E941879A57E00CFE7FC;
					};
				};
			};
			buildConfigurationList = F23C1E901879A57E00CFE7FC /* Build configuration list for PBXProject "CollectionViewLayoutTest" */;
			compatibilityVersion = "Xcode 3.2";
			developmentRegion = English;
			hasScannedForEncodings = 0;
			knownRegions = (
				en,
			);
			mainGroup = F23C1E8C1879A57E00CFE7FC;
			productRefGroup = F23C1E961879A57E00CFE7FC /* Products */;
			projectDirPath = "";
			projectRoot = "";
			targets = (
				F23C1E941879A57E00CFE7FC /* CollectionViewLayoutTest */,
				F23C1EAF1879A57E00CFE7FC /* CollectionViewLayoutTestTests */,
			);
		};
/* End PBXProject section */

/* Begin PBXResourcesBuildPhase section */
		F23C1E931879A57E00CFE7FC /* Resources */ = {
			isa = PBXResourcesBuildPhase;
			buildActionMask = 2147483647;
			files = (
				F23C1EA31879A57E00CFE7FC /* InfoPlist.strings in Resources */,
				F23C1EAB1879A57E00CFE7FC /* Images.xcassets in Resources */,
			);
			runOnlyForDeploymentPostprocessing = 0;
		};
		F23C1EAE1879A57E00CFE7FC /* Resources */ = {
			isa = PBXResourcesBuildPhase;
			buildActionMask = 2147483647;
			files = (
				F23C1EBC1879A57E00CFE7FC /* InfoPlist.strings in Resources */,
			);
			runOnlyForDeploymentPostprocessing = 0;
		};
/* End PBXResourcesBuildPhase section */

/* Begin PBXSourcesBuildPhase section */
		F23C1E911879A57E00CFE7FC /* Sources */ = {
			isa = PBXSourcesBuildPhase;
			buildActionMask = 2147483647;
			files = (
				F23C1EA51879A57E00CFE7FC /* main.m in Sources */,
				F23C1EA91879A57E00CFE7FC /* DDHAppDelegate.m in Sources */,
			);
			runOnlyForDeploymentPostprocessing = 0;
		};
		F23C1EAC1879A57E00CFE7FC /* Sources */ = {
			isa = PBXSourcesBuildPhase;
			buildActionMask = 2147483647;
			files = (
				F23C1EBE1879A57E00CFE7FC /* CollectionViewLayoutTestTests.m in Sources */,
			);
			runOnlyForDeploymentPostprocessing = 0;
		};
/* End PBXSourcesBuildPhase section */

/* Begin PBXTargetDependency section */
		F23C1EB61879A57E00CFE7FC /* PBXTargetDependency */ = {
			isa = PBXTargetDependency;
			target = F23C1E941879A57E00CFE7FC /* CollectionViewLayoutTest */;
			targetProxy = F23C1EB51879A57E00CFE7FC /* PBXContainerItemProxy */;
		};
/* End PBXTargetDependency section */

/* Begin PBXVariantGroup section */
		F23C1EA11879A57E00CFE7FC /* InfoPlist.strings */ = {
			isa = PBXVariantGroup;
			children = (
				F23C1EA21879A57E00CFE7FC /* en */,
			);
			name = InfoPlist.strings;
			sourceTree = "<group>";
		};
		F23C1EBA1879A57E00CFE7FC /* InfoPlist.strings */ = {
			isa = PBXVariantGroup;
			children = (
				F23C1EBB1879A57E00CFE7FC /* en */,
			);
			name = InfoPlist.strings;
			sourceTree = "<group>";
		};
/* End PBXVariantGroup section */

/* Begin XCBuildConfiguration section */
		F23C1EBF1879A57E00CFE7FC /* Debug */ = {
			isa = XCBuildConfiguration;
			buildSettings = {
				ALWAYS_SEARCH_USER_PATHS = NO;
				ARCHS = "$(ARCHS_STANDARD_INCLUDING_64_BIT)";
				CLANG_CXX_LANGUAGE_STANDARD = "gnu++0x";
				CLANG_CXX_LIBRARY = "libc++";
				CLANG_ENABLE_MODULES = YES;
				CLANG_ENABLE_OBJC_ARC = YES;
				CLANG_WARN_BOOL_CONVERSION = YES;
				CLANG_WARN_CONSTANT_CONVERSION = YES;
				CLANG_WARN_DIRECT_OBJC_ISA_USAGE = YES_ERROR;
				CLANG_WARN_EMPTY_BODY = YES;
				CLANG_WARN_ENUM_CONVERSION = YES;
				CLANG_WARN_INT_CONVERSION = YES;
				CLANG_WARN_OBJC_ROOT_CLASS = YES_ERROR;
				CLANG_WARN__DUPLICATE_METHOD_MATCH = YES;
				"CODE_SIGN_IDENTITY[sdk=iphoneos*]" = "iPhone Developer";
				COPY_PHASE_STRIP = NO;
				GCC_C_LANGUAGE_STANDARD = gnu99;
				GCC_DYNAMIC_NO_PIC = NO;
				GCC_OPTIMIZATION_LEVEL = 0;
				GCC_PREPROCESSOR_DEFINITIONS = (
					"DEBUG=1",
					"$(inherited)",
				);
				GCC_SYMBOLS_PRIVATE_EXTERN = NO;
				GCC_WARN_64_TO_32_BIT_CONVERSION = YES;
				GCC_WARN_ABOUT_RETURN_TYPE = YES_ERROR;
				GCC_WARN_UNDECLARED_SELECTOR = YES;
				GCC_WARN_UNINITIALIZED_AUTOS = YES;
				GCC_WARN_UNUSED_FUNCTION = YES;
				GCC_WARN_UNUSED_VARIABLE = YES;
				IPHONEOS_DEPLOYMENT_TARGET = 7.0;
				ONLY_ACTIVE_ARCH = YES;
				SDKROOT = iphoneos;
				TARGETED_DEVICE_FAMILY = 2;
			};
			name = Debug;
		};
		F23C1EC01879A57E00CFE7FC /* Release */ = {
			isa = XCBuildConfiguration;
			buildSettings = {
				ALWAYS_SEARCH_USER_PATHS = NO;
				ARCHS = "$(ARCHS_STANDARD_INCLUDING_64_BIT)";
				CLANG_CXX_LANGUAGE_STANDARD = "gnu++0x";
				CLANG_CXX_LIBRARY = "libc++";
				CLANG_ENABLE_MODULES = YES;
				CLANG_ENABLE_OBJC_ARC = YES;
				CLANG_WARN_BOOL_CONVERSION = YES;
				CLANG_WARN_CONSTANT_CONVERSION = YES;
				CLANG_WARN_DIRECT_OBJC_ISA_USAGE = YES_ERROR;
				CLANG_WARN_EMPTY_BODY = YES;
				CLANG_WARN_ENUM_CONVERSION = YES;
				CLANG_WARN_INT_CONVERSION = YES;
				CLANG_WARN_OBJC_ROOT_CLASS = YES_ERROR;
				CLANG_WARN__DUPLICATE_METHOD_MATCH = YES;
				"CODE_SIGN_IDENTITY[sdk=iphoneos*]" = "iPhone Developer";
				COPY_PHASE_STRIP = YES;
				ENABLE_NS_ASSERTIONS = NO;
				GCC_C_LANGUAGE_STANDARD = gnu99;
				GCC_WARN_64_TO_32_BIT_CONVERSION = YES;
				GCC_WARN_ABOUT_RETURN_TYPE = YES_ERROR;
				GCC_WARN_UNDECLARED_SELECTOR = YES;
				GCC_WARN_UNINITIALIZED_AUTOS = YES;
				GCC_WARN_UNUSED_FUNCTION = YES;
				GCC_WARN_UNUSED_VARIABLE = YES;
				IPHONEOS_DEPLOYMENT_TARGET = 7.0;
				SDKROOT = iphoneos;
				TARGETED_DEVICE_FAMILY = 2;
				VALIDATE_PRODUCT = YES;
			};
			name = Release;
		};
		F23C1EC21879A57E00CFE7FC /* Debug */ = {
			isa = XCBuildConfiguration;
			buildSettings = {
				ASSETCATALOG_COMPILER_APPICON_NAME = AppIcon;
				ASSETCATALOG_COMPILER_LAUNCHIMAGE_NAME = LaunchImage;
				GCC_PRECOMPILE_PREFIX_HEADER = YES;
				GCC_PREFIX_HEADER = "CollectionViewLayoutTest/CollectionViewLayoutTest-Prefix.pch";
				INFOPLIST_FILE = "CollectionViewLayoutTest/CollectionViewLayoutTest-Info.plist";
				PRODUCT_NAME = "$(TARGET_NAME)";
				WRAPPER_EXTENSION = app;
			};
			name = Debug;
		};
		F23C1EC31879A57E00CFE7FC /* Release */ = {
			isa = XCBuildConfiguration;
			buildSettings = {
				ASSETCATALOG_COMPILER_APPICON_NAME = AppIcon;
				ASSETCATALOG_COMPILER_LAUNCHIMAGE_NAME = LaunchImage;
				GCC_PRECOMPILE_PREFIX_HEADER = YES;
				GCC_PREFIX_HEADER = "CollectionViewLayoutTest/CollectionViewLayoutTest-Prefix.pch";
				INFOPLIST_FILE = "CollectionViewLayoutTest/CollectionViewLayoutTest-Info.plist";
				PRODUCT_NAME = "$(TARGET_NAME)";
				WRAPPER_EXTENSION = app;
			};
			name = Release;
		};
		F23C1EC51879A57E00CFE7FC /* Debug */ = {
			isa = XCBuildConfiguration;
			buildSettings = {
				ARCHS = "$(ARCHS_STANDARD_INCLUDING_64_BIT)";
				BUNDLE_LOADER = "$(BUILT_PRODUCTS_DIR)/CollectionViewLayoutTest.app/CollectionViewLayoutTest";
				FRAMEWORK_SEARCH_PATHS = (
					"$(SDKROOT)/Developer/Library/Frameworks",
					"$(inherited)",
					"$(DEVELOPER_FRAMEWORKS_DIR)",
				);
				GCC_PRECOMPILE_PREFIX_HEADER = YES;
				GCC_PREFIX_HEADER = "CollectionViewLayoutTest/CollectionViewLayoutTest-Prefix.pch";
				GCC_PREPROCESSOR_DEFINITIONS = (
					"DEBUG=1",
					"$(inherited)",
				);
				INFOPLIST_FILE = "CollectionViewLayoutTestTests/CollectionViewLayoutTestTests-Info.plist";
				PRODUCT_NAME = "$(TARGET_NAME)";
				TEST_HOST = "$(BUNDLE_LOADER)";
				WRAPPER_EXTENSION = xctest;
			};
			name = Debug;
		};
		F23C1EC61879A57E00CFE7FC /* Release */ = {
			isa = XCBuildConfiguration;
			buildSettings = {
				ARCHS = "$(ARCHS_STANDARD_INCLUDING_64_BIT)";
				BUNDLE_LOADER = "$(BUILT_PRODUCTS_DIR)/CollectionViewLayoutTest.app/CollectionViewLayoutTest";
				FRAMEWORK_SEARCH_PATHS = (
					"$(SDKROOT)/Developer/Library/Frameworks",
					"$(inherited)",
					"$(DEVELOPER_FRAMEWORKS_DIR)",
				);
				GCC_PRECOMPILE_PREFIX_HEADER = YES;
				GCC_PREFIX_HEADER = "CollectionViewLayoutTest/CollectionViewLayoutTest-Prefix.pch";
				INFOPLIST_FILE = "CollectionViewLayoutTestTests/CollectionViewLayoutTestTests-Info.plist";
				PRODUCT_NAME = "$(TARGET_NAME)";
				TEST_HOST = "$(BUNDLE_LOADER)";
				WRAPPER_EXTENSION = xctest;
			};
			name = Release;
		};
/* End XCBuildConfiguration section */

/* Begin XCConfigurationList section */
		F23C1E901879A57E00CFE7FC /* Build configuration list for PBXProject "CollectionViewLayoutTest" */ = {
			isa = XCConfigurationList;
			buildConfigurations = (
				F23C1EBF1879A57E00CFE7FC /* Debug */,
				F23C1EC01879A57E00CFE7FC /* Release */,
			);
			defaultConfigurationIsVisible = 0;
			defaultConfigurationName = Release;
		};
		F23C1EC11879A57E00CFE7FC /* Build configuration list for PBXNativeTarget "CollectionViewLayoutTest" */ = {
			isa = XCConfigurationList;
			buildConfigurations = (
				F23C1EC21879A57E00CFE7FC /* Debug */,
				F23C1EC31879A57E00CFE7FC /* Release */,
			);
			defaultConfigurationIsVisible = 0;
		};
		F23C1EC41879A57E00CFE7FC /* Build configuration list for PBXNativeTarget "CollectionViewLayoutTestTests" */ = {
			isa = XCConfigurationList;
			buildConfigurations = (
				F23C1EC51879A57E00CFE7FC /* Debug */,
				F23C1EC61879A57E00CFE7FC /* Release */,
			);
			defaultConfigurationIsVisible = 0;
		};
/* End XCConfigurationList section */
	};
	rootObject = F23C1E8D1879A57E00CFE7FC /* Project object */;
}
